
Microsoft Visual Studio Solution File, Format Version 12.00
# Visual Studio Version 16
VisualStudioVersion = 16.0.30621.155
MinimumVisualStudioVersion = 10.0.40219.1
Project("{FAE04EC0-301F-11D3-BF4B-00C04F79EFBC}") = "DesignPatterns.Web", "DesignPatterns.Web\DesignPatterns.Web.csproj", "{907BFA34-3535-415C-B47B-DFEB8903F4B9}"
EndProject
Global
	GlobalSection(SolutionConfigurationPlatforms) = preSolution
		Debug|Any CPU = Debug|Any CPU
		Release|Any CPU = Release|Any CPU
	EndGlobalSection
	GlobalSection(ProjectConfigurationPlatforms) = postSolution
		{907BFA34-3535-415C-B47B-DFEB8903F4B9}.Debug|Any CPU.ActiveCfg = Debug|Any CPU
		{907BFA34-3535-415C-B47B-DFEB8903F4B9}.Debug|Any CPU.Build.0 = Debug|Any CPU
		{907BFA34-3535-415C-B47B-DFEB8903F4B9}.Release|Any CPU.ActiveCfg = Release|Any CPU
		{907BFA34-3535-415C-B47B-DFEB8903F4B9}.Release|Any CPU.Build.0 = Release|Any CPU
	EndGlobalSection
	GlobalSection(SolutionProperties) = preSolution
		HideSolutionNode = FALSE
	EndGlobalSection
	GlobalSection(ExtensibilityGlobals) = postSolution
		SolutionGuid = {74E7EDF6-CC6C-4122-A9FC-2508D0174590}
	EndGlobalSection
EndGlobal
